{
  "nodes": {
    "flake": {
      "inputs": {
        "nixpkgs": "nixpkgs"
      },
      "locked": {
        "lastModified": 1787529179,
        "narHash": "sha256-DBLWMR8G48rW8PSz83/YvAYw7RzbogTmWAFjT/UJ3RQ=",
        "owner": "fenhl",
        "repo": "flake",
        "rev": "137e6d152d4d650c65211563de58d0587648e1b3",
        "type": "github"
      },
      "original": {
        "owner": "fenhl",
        "repo": "flake",
        "type": "github"
      }
    },
    "nixpkgs": {
      "locked": {
        "lastModified": 1787414105,
        "narHash": "sha256-WncT27+3BOkgTaJZLnCsf3LcYf9RXMuR9ONSN4rzQ7s=",
        "rev": "a9e6d84f9c2f9012f5fe7d964a7851352300e61a",
        "revCount": 1012546,
        "type": "tarball",
        "url": "https://api.flakehub.com/f/pinned/NixOS/nixpkgs/0.2605.1012546%2Brev-a9e6d84f9c2f9012f5fe7d964a7851352300e61a/01a02fb5-1905-7083-a708-bfa042f683d6/source.tar.gz"
      },
      "original": {
        "type": "tarball",
        "url": "https://flakehub.com/f/NixOS/nixpkgs/%2A.tar.gz"
      }
    },
    "root": {
      "inputs": {
        "flake": "flake"
      }
    }
  },
  "root": "root",
  "version": 7
}
