{
  "nodes": {
    "flake": {
      "inputs": {
        "nixpkgs": "nixpkgs"
      },
      "locked": {
        "lastModified": 1786561802,
        "narHash": "sha256-KDSFh/X4IO5pd3giaaqH4um6JDrB/3Qw10XZkjEpIPY=",
        "owner": "fenhl",
        "repo": "flake",
        "rev": "11e7d7464854418ba7b3fee45a9722a7f6ae585a",
        "type": "github"
      },
      "original": {
        "owner": "fenhl",
        "repo": "flake",
        "type": "github"
      }
    },
    "nixpkgs": {
      "locked": {
        "lastModified": 1786313170,
        "narHash": "sha256-9BG7OgUWdu0ONDO5X2q6+K4bsuBITkX/3W4nNJu1Ito=",
        "rev": "fcb8fcd6bf2d0adecae5bd491afaaaf8311b758d",
        "revCount": 1011667,
        "type": "tarball",
        "url": "https://api.flakehub.com/f/pinned/NixOS/nixpkgs/0.2605.1011667%2Brev-fcb8fcd6bf2d0adecae5bd491afaaaf8311b758d/019feccc-49e9-7a41-95df-412b5ca59f2d/source.tar.gz"
      },
      "original": {
        "type": "tarball",
        "url": "https://flakehub.com/f/NixOS/nixpkgs/%2A.tar.gz"
      }
    },
    "root": {
      "inputs": {
        "flake": "flake"
      }
    }
  },
  "root": "root",
  "version": 7
}
